// !$*UTF8*$!
{
	archiveVersion = 1;
	classes = {
	};
	objectVersion = 51;
	objects = {

/* Begin PBXBuildFile section */
		7F46362E241CB81600F50EE2 /* AppDelegate.swift in Sources */ = {isa = PBXBuildFile; fileRef = 7F46362D241CB81600F50EE2 /* AppDelegate.swift */; };
		7F463630241CB81600F50EE2 /* SceneDelegate.swift in Sources */ = {isa = PBXBuildFile; fileRef = 7F46362F241CB81600F50EE2 /* SceneDelegate.swift */; };
		7F463632241CB81600F50EE2 /* HomeVC.swift in Sources */ = {isa = PBXBuildFile; fileRef = 7F463631241CB81600F50EE2 /* HomeVC.swift */; };
		7F463637241CB81800F50EE2 /* Assets.xcassets in Resources */ = {isa = PBXBuildFile; fileRef = 7F463636241CB81800F50EE2 /* Assets.xcassets */; };
		7F46363A241CB81800F50EE2 /* LaunchScreen.storyboard in Resources */ = {isa = PBXBuildFile; fileRef = 7F463638241CB81800F50EE2 /* LaunchScreen.storyboard */; };
		7F463642241CC10000F50EE2 /* BellVC.swift in Sources */ = {isa = PBXBuildFile; fileRef = 7F463641241CC10000F50EE2 /* BellVC.swift */; };
		7F463644241CC11500F50EE2 /* EditVC.swift in Sources */ = {isa = PBXBuildFile; fileRef = 7F463643241CC11500F50EE2 /* EditVC.swift */; };
		7F463646241CCAB000F50EE2 /* Constants.swift in Sources */ = {isa = PBXBuildFile; fileRef = 7F463645241CCAB000F50EE2 /* Constants.swift */; };
		7F463648241CDBF900F50EE2 /* GoogleService-Info.plist in Resources */ = {isa = PBXBuildFile; fileRef = 7F463647241CDBF900F50EE2 /* GoogleService-Info.plist */; };
		7F46364A241CE41200F50EE2 /* HomePostTableCell.swift in Sources */ = {isa = PBXBuildFile; fileRef = 7F463649241CE41200F50EE2 /* HomePostTableCell.swift */; };
		7F46364C241CFF6800F50EE2 /* PostButton.swift in Sources */ = {isa = PBXBuildFile; fileRef = 7F46364B241CFF6800F50EE2 /* PostButton.swift */; };
		7F46364E241D0B9000F50EE2 /* LoginVC.swift in Sources */ = {isa = PBXBuildFile; fileRef = 7F46364D241D0B9000F50EE2 /* LoginVC.swift */; };
		7F463650241D180700F50EE2 /* QSButton.swift in Sources */ = {isa = PBXBuildFile; fileRef = 7F46364F241D180700F50EE2 /* QSButton.swift */; };
		7F463655241E359300F50EE2 /* QSToolBar.swift in Sources */ = {isa = PBXBuildFile; fileRef = 7F463654241E359300F50EE2 /* QSToolBar.swift */; };
		7F463657241E3A3400F50EE2 /* SelectPostImageVC.swift in Sources */ = {isa = PBXBuildFile; fileRef = 7F463656241E3A3400F50EE2 /* SelectPostImageVC.swift */; };
		7F46365D241FB19000F50EE2 /* SearchQuotesFromApiVC.swift in Sources */ = {isa = PBXBuildFile; fileRef = 7F46365C241FB19000F50EE2 /* SearchQuotesFromApiVC.swift */; };
		7F46365F241FB40400F50EE2 /* QSLabel.swift in Sources */ = {isa = PBXBuildFile; fileRef = 7F46365E241FB40400F50EE2 /* QSLabel.swift */; };
		7F463661241FB72300F50EE2 /* QSTextField.swift in Sources */ = {isa = PBXBuildFile; fileRef = 7F463660241FB72300F50EE2 /* QSTextField.swift */; };
		7F472B36242391860063BA75 /* SearchQuotesCell.swift in Sources */ = {isa = PBXBuildFile; fileRef = 7F472B35242391860063BA75 /* SearchQuotesCell.swift */; };
		7F472B3824239F3A0063BA75 /* PostQuotesVC.swift in Sources */ = {isa = PBXBuildFile; fileRef = 7F472B3724239F3A0063BA75 /* PostQuotesVC.swift */; };
		7F472B3A2423B53D0063BA75 /* BellTableCell.swift in Sources */ = {isa = PBXBuildFile; fileRef = 7F472B392423B53D0063BA75 /* BellTableCell.swift */; };
		7F472B3C2425D7B70063BA75 /* CommunicationVC.swift in Sources */ = {isa = PBXBuildFile; fileRef = 7F472B3B2425D7B70063BA75 /* CommunicationVC.swift */; };
		B641A168C296076A2DA5CF89 /* Pods_QuotesScripturePost.framework in Frameworks */ = {isa = PBXBuildFile; fileRef = 7BCB7B118E87F3D733C214D9 /* Pods_QuotesScripturePost.framework */; };
/* End PBXBuildFile section */

/* Begin PBXFileReference section */
		7BCB7B118E87F3D733C214D9 /* Pods_QuotesScripturePost.framework */ = {isa = PBXFileReference; explicitFileType = wrapper.framework; includeInIndex = 0; path = Pods_QuotesScripturePost.framework; sourceTree = BUILT_PRODUCTS_DIR; };
		7F46362A241CB81600F50EE2 /* QuotesScripturePost.app */ = {isa = PBXFileReference; explicitFileType = wrapper.application; includeInIndex = 0; path = QuotesScripturePost.app; sourceTree = BUILT_PRODUCTS_DIR; };
		7F46362D241CB81600F50EE2 /* AppDelegate.swift */ = {isa = PBXFileReference; lastKnownFileType = sourcecode.swift; path = AppDelegate.swift; sourceTree = "<group>"; };
		7F46362F241CB81600F50EE2 /* SceneDelegate.swift */ = {isa = PBXFileReference; lastKnownFileType = sourcecode.swift; path = SceneDelegate.swift; sourceTree = "<group>"; };
		7F463631241CB81600F50EE2 /* HomeVC.swift */ = {isa = PBXFileReference; lastKnownFileType = sourcecode.swift; path = HomeVC.swift; sourceTree = "<group>"; };
		7F463636241CB81800F50EE2 /* Assets.xcassets */ = {isa = PBXFileReference; lastKnownFileType = folder.assetcatalog; path = Assets.xcassets; sourceTree = "<group>"; };
		7F463639241CB81800F50EE2 /* Base */ = {isa = PBXFileReference; lastKnownFileType = file.storyboard; name = Base; path = Base.lproj/LaunchScreen.storyboard; sourceTree = "<group>"; };
		7F46363B241CB81800F50EE2 /* Info.plist */ = {isa = PBXFileReference; lastKnownFileType = text.plist.xml; path = Info.plist; sourceTree = "<group>"; };
		7F463641241CC10000F50EE2 /* BellVC.swift */ = {isa = PBXFileReference; lastKnownFileType = sourcecode.swift; path = BellVC.swift; sourceTree = "<group>"; };
		7F463643241CC11500F50EE2 /* EditVC.swift */ = {isa = PBXFileReference; lastKnownFileType = sourcecode.swift; path = EditVC.swift; sourceTree = "<group>"; };
		7F463645241CCAB000F50EE2 /* Constants.swift */ = {isa = PBXFileReference; lastKnownFileType = sourcecode.swift; path = Constants.swift; sourceTree = "<group>"; };
		7F463647241CDBF900F50EE2 /* GoogleService-Info.plist */ = {isa = PBXFileReference; fileEncoding = 4; lastKnownFileType = text.plist.xml; path = "GoogleService-Info.plist"; sourceTree = "<group>"; };
		7F463649241CE41200F50EE2 /* HomePostTableCell.swift */ = {isa = PBXFileReference; lastKnownFileType = sourcecode.swift; path = HomePostTableCell.swift; sourceTree = "<group>"; };
		7F46364B241CFF6800F50EE2 /* PostButton.swift */ = {isa = PBXFileReference; lastKnownFileType = sourcecode.swift; path = PostButton.swift; sourceTree = "<group>"; };
		7F46364D241D0B9000F50EE2 /* LoginVC.swift */ = {isa = PBXFileReference; lastKnownFileType = sourcecode.swift; path = LoginVC.swift; sourceTree = "<group>"; };
		7F46364F241D180700F50EE2 /* QSButton.swift */ = {isa = PBXFileReference; lastKnownFileType = sourcecode.swift; path = QSButton.swift; sourceTree = "<group>"; };
		7F463654241E359300F50EE2 /* QSToolBar.swift */ = {isa = PBXFileReference; lastKnownFileType = sourcecode.swift; path = QSToolBar.swift; sourceTree = "<group>"; };
		7F463656241E3A3400F50EE2 /* SelectPostImageVC.swift */ = {isa = PBXFileReference; lastKnownFileType = sourcecode.swift; path = SelectPostImageVC.swift; sourceTree = "<group>"; };
		7F46365C241FB19000F50EE2 /* SearchQuotesFromApiVC.swift */ = {isa = PBXFileReference; lastKnownFileType = sourcecode.swift; path = SearchQuotesFromApiVC.swift; sourceTree = "<group>"; };
		7F46365E241FB40400F50EE2 /* QSLabel.swift */ = {isa = PBXFileReference; lastKnownFileType = sourcecode.swift; path = QSLabel.swift; sourceTree = "<group>"; };
		7F463660241FB72300F50EE2 /* QSTextField.swift */ = {isa = PBXFileReference; lastKnownFileType = sourcecode.swift; path = QSTextField.swift; sourceTree = "<group>"; };
		7F472B35242391860063BA75 /* SearchQuotesCell.swift */ = {isa = PBXFileReference; lastKnownFileType = sourcecode.swift; path = SearchQuotesCell.swift; sourceTree = "<group>"; };
		7F472B3724239F3A0063BA75 /* PostQuotesVC.swift */ = {isa = PBXFileReference; lastKnownFileType = sourcecode.swift; path = PostQuotesVC.swift; sourceTree = "<group>"; };
		7F472B392423B53D0063BA75 /* BellTableCell.swift */ = {isa = PBXFileReference; lastKnownFileType = sourcecode.swift; path = BellTableCell.swift; sourceTree = "<group>"; };
		7F472B3B2425D7B70063BA75 /* CommunicationVC.swift */ = {isa = PBXFileReference; lastKnownFileType = sourcecode.swift; path = CommunicationVC.swift; sourceTree = "<group>"; };
		82AD43EAB3AF2C9FFDD1364C /* Pods-QuotesScripturePost.release.xcconfig */ = {isa = PBXFileReference; includeInIndex = 1; lastKnownFileType = text.xcconfig; name = "Pods-QuotesScripturePost.release.xcconfig"; path = "Target Support Files/Pods-QuotesScripturePost/Pods-QuotesScripturePost.release.xcconfig"; sourceTree = "<group>"; };
		E0BA0FA24CEA1865B7218A38 /* Pods-QuotesScripturePost.debug.xcconfig */ = {isa = PBXFileReference; includeInIndex = 1; lastKnownFileType = text.xcconfig; name = "Pods-QuotesScripturePost.debug.xcconfig"; path = "Target Support Files/Pods-QuotesScripturePost/Pods-QuotesScripturePost.debug.xcconfig"; sourceTree = "<group>"; };
/* End PBXFileReference section */

/* Begin PBXFrameworksBuildPhase section */
		7F463627241CB81600F50EE2 /* Frameworks */ = {
			isa = PBXFrameworksBuildPhase;
			buildActionMask = 2147483647;
			files = (
				B641A168C296076A2DA5CF89 /* Pods_QuotesScripturePost.framework in Frameworks */,
			);
			runOnlyForDeploymentPostprocessing = 0;
		};
/* End PBXFrameworksBuildPhase section */

/* Begin PBXGroup section */
		7F463621241CB81600F50EE2 = {
			isa = PBXGroup;
			children = (
				7F46362C241CB81600F50EE2 /* QuotesScripturePost */,
				7F46362B241CB81600F50EE2 /* Products */,
				FE73B921BBA36AEF8F7714BD /* Pods */,
				D944FDD153A2BA09757615A5 /* Frameworks */,
			);
			sourceTree = "<group>";
		};
		7F46362B241CB81600F50EE2 /* Products */ = {
			isa = PBXGroup;
			children = (
				7F46362A241CB81600F50EE2 /* QuotesScripturePost.app */,
			);
			name = Products;
			sourceTree = "<group>";
		};
		7F46362C241CB81600F50EE2 /* QuotesScripturePost */ = {
			isa = PBXGroup;
			children = (
				7F46362D241CB81600F50EE2 /* AppDelegate.swift */,
				7F46362F241CB81600F50EE2 /* SceneDelegate.swift */,
				7F463638241CB81800F50EE2 /* LaunchScreen.storyboard */,
				7F463653241E30CE00F50EE2 /* Helpers */,
				7F463652241E2FF300F50EE2 /* Parts */,
				7F463651241E2FA000F50EE2 /* ViewControllers */,
				7F463636241CB81800F50EE2 /* Assets.xcassets */,
				7F46363B241CB81800F50EE2 /* Info.plist */,
				7F463647241CDBF900F50EE2 /* GoogleService-Info.plist */,
			);
			path = QuotesScripturePost;
			sourceTree = "<group>";
		};
		7F463651241E2FA000F50EE2 /* ViewControllers */ = {
			isa = PBXGroup;
			children = (
				7F463631241CB81600F50EE2 /* HomeVC.swift */,
				7F463641241CC10000F50EE2 /* BellVC.swift */,
				7F463643241CC11500F50EE2 /* EditVC.swift */,
				7F46364D241D0B9000F50EE2 /* LoginVC.swift */,
				7F463656241E3A3400F50EE2 /* SelectPostImageVC.swift */,
				7F46365C241FB19000F50EE2 /* SearchQuotesFromApiVC.swift */,
				7F472B3724239F3A0063BA75 /* PostQuotesVC.swift */,
				7F472B3B2425D7B70063BA75 /* CommunicationVC.swift */,
			);
			path = ViewControllers;
			sourceTree = "<group>";
		};
		7F463652241E2FF300F50EE2 /* Parts */ = {
			isa = PBXGroup;
			children = (
				7F46364F241D180700F50EE2 /* QSButton.swift */,
				7F46364B241CFF6800F50EE2 /* PostButton.swift */,
				7F463649241CE41200F50EE2 /* HomePostTableCell.swift */,
				7F472B35242391860063BA75 /* SearchQuotesCell.swift */,
				7F472B392423B53D0063BA75 /* BellTableCell.swift */,
				7F463654241E359300F50EE2 /* QSToolBar.swift */,
				7F46365E241FB40400F50EE2 /* QSLabel.swift */,
				7F463660241FB72300F50EE2 /* QSTextField.swift */,
			);
			path = Parts;
			sourceTree = "<group>";
		};
		7F463653241E30CE00F50EE2 /* Helpers */ = {
			isa = PBXGroup;
			children = (
				7F463645241CCAB000F50EE2 /* Constants.swift */,
			);
			path = Helpers;
			sourceTree = "<group>";
		};
		D944FDD153A2BA09757615A5 /* Frameworks */ = {
			isa = PBXGroup;
			children = (
				7BCB7B118E87F3D733C214D9 /* Pods_QuotesScripturePost.framework */,
			);
			name = Frameworks;
			sourceTree = "<group>";
		};
		FE73B921BBA36AEF8F7714BD /* Pods */ = {
			isa = PBXGroup;
			children = (
				E0BA0FA24CEA1865B7218A38 /* Pods-QuotesScripturePost.debug.xcconfig */,
				82AD43EAB3AF2C9FFDD1364C /* Pods-QuotesScripturePost.release.xcconfig */,
			);
			path = Pods;
			sourceTree = "<group>";
		};
/* End PBXGroup section */

/* Begin PBXNativeTarget section */
		7F463629241CB81600F50EE2 /* QuotesScripturePost */ = {
			isa = PBXNativeTarget;
			buildConfigurationList = 7F46363E241CB81800F50EE2 /* Build configuration list for PBXNativeTarget "QuotesScripturePost" */;
			buildPhases = (
				B428FEC3DFB7B68ACA2106D7 /* [CP] Check Pods Manifest.lock */,
				7F463626241CB81600F50EE2 /* Sources */,
				7F463627241CB81600F50EE2 /* Frameworks */,
				7F463628241CB81600F50EE2 /* Resources */,
				2C91CD81FA300066CB61E346 /* [CP] Embed Pods Frameworks */,
				39779D1D02F39A06821C6E66 /* [CP] Copy Pods Resources */,
			);
			buildRules = (
			);
			dependencies = (
			);
			name = QuotesScripturePost;
			productName = QuotesScripturePost;
			productReference = 7F46362A241CB81600F50EE2 /* QuotesScripturePost.app */;
			productType = "com.apple.product-type.application";
		};
/* End PBXNativeTarget section */

/* Begin PBXProject section */
		7F463622241CB81600F50EE2 /* Project object */ = {
			isa = PBXProject;
			attributes = {
				LastSwiftUpdateCheck = 1130;
				LastUpgradeCheck = 1130;
				ORGANIZATIONNAME = Hiroki;
				TargetAttributes = {
					7F463629241CB81600F50EE2 = {
						CreatedOnToolsVersion = 11.3.1;
					};
				};
			};
			buildConfigurationList = 7F463625241CB81600F50EE2 /* Build configuration list for PBXProject "QuotesScripturePost" */;
			compatibilityVersion = "Xcode 9.3";
			developmentRegion = en;
			hasScannedForEncodings = 0;
			knownRegions = (
				en,
				Base,
			);
			mainGroup = 7F463621241CB81600F50EE2;
			productRefGroup = 7F46362B241CB81600F50EE2 /* Products */;
			projectDirPath = "";
			projectRoot = "";
			targets = (
				7F463629241CB81600F50EE2 /* QuotesScripturePost */,
			);
		};
/* End PBXProject section */

/* Begin PBXResourcesBuildPhase section */
		7F463628241CB81600F50EE2 /* Resources */ = {
			isa = PBXResourcesBuildPhase;
			buildActionMask = 2147483647;
			files = (
				7F46363A241CB81800F50EE2 /* LaunchScreen.storyboard in Resources */,
				7F463637241CB81800F50EE2 /* Assets.xcassets in Resources */,
				7F463648241CDBF900F50EE2 /* GoogleService-Info.plist in Resources */,
			);
			runOnlyForDeploymentPostprocessing = 0;
		};
/* End PBXResourcesBuildPhase section */

/* Begin PBXShellScriptBuildPhase section */
		2C91CD81FA300066CB61E346 /* [CP] Embed Pods Frameworks */ = {
			isa = PBXShellScriptBuildPhase;
			buildActionMask = 2147483647;
			files = (
			);
			inputFileListPaths = (
				"${PODS_ROOT}/Target Support Files/Pods-QuotesScripturePost/Pods-QuotesScripturePost-frameworks-${CONFIGURATION}-input-files.xcfilelist",
			);
			name = "[CP] Embed Pods Frameworks";
			outputFileListPaths = (
				"${PODS_ROOT}/Target Support Files/Pods-QuotesScripturePost/Pods-QuotesScripturePost-frameworks-${CONFIGURATION}-output-files.xcfilelist",
			);
			runOnlyForDeploymentPostprocessing = 0;
			shellPath = /bin/sh;
			shellScript = "\"${PODS_ROOT}/Target Support Files/Pods-QuotesScripturePost/Pods-QuotesScripturePost-frameworks.sh\"\n";
			showEnvVarsInLog = 0;
		};
		39779D1D02F39A06821C6E66 /* [CP] Copy Pods Resources */ = {
			isa = PBXShellScriptBuildPhase;
			buildActionMask = 2147483647;
			files = (
			);
			inputFileListPaths = (
				"${PODS_ROOT}/Target Support Files/Pods-QuotesScripturePost/Pods-QuotesScripturePost-resources-${CONFIGURATION}-input-files.xcfilelist",
			);
			name = "[CP] Copy Pods Resources";
			outputFileListPaths = (
				"${PODS_ROOT}/Target Support Files/Pods-QuotesScripturePost/Pods-QuotesScripturePost-resources-${CONFIGURATION}-output-files.xcfilelist",
			);
			runOnlyForDeploymentPostprocessing = 0;
			shellPath = /bin/sh;
			shellScript = "\"${PODS_ROOT}/Target Support Files/Pods-QuotesScripturePost/Pods-QuotesScripturePost-resources.sh\"\n";
			showEnvVarsInLog = 0;
		};
		B428FEC3DFB7B68ACA2106D7 /* [CP] Check Pods Manifest.lock */ = {
			isa = PBXShellScriptBuildPhase;
			buildActionMask = 2147483647;
			files = (
			);
			inputFileListPaths = (
			);
			inputPaths = (
				"${PODS_PODFILE_DIR_PATH}/Podfile.lock",
				"${PODS_ROOT}/Manifest.lock",
			);
			name = "[CP] Check Pods Manifest.lock";
			outputFileListPaths = (
			);
			outputPaths = (
				"$(DERIVED_FILE_DIR)/Pods-QuotesScripturePost-checkManifestLockResult.txt",
			);
			runOnlyForDeploymentPostprocessing = 0;
			shellPath = /bin/sh;
			shellScript = "diff \"${PODS_PODFILE_DIR_PATH}/Podfile.lock\" \"${PODS_ROOT}/Manifest.lock\" > /dev/null\nif [ $? != 0 ] ; then\n    # print error to STDERR\n    echo \"error: The sandbox is not in sync with the Podfile.lock. Run 'pod install' or update your CocoaPods installation.\" >&2\n    exit 1\nfi\n# This output is used by Xcode 'outputs' to avoid re-running this script phase.\necho \"SUCCESS\" > \"${SCRIPT_OUTPUT_FILE_0}\"\n";
			showEnvVarsInLog = 0;
		};
/* End PBXShellScriptBuildPhase section */

/* Begin PBXSourcesBuildPhase section */
		7F463626241CB81600F50EE2 /* Sources */ = {
			isa = PBXSourcesBuildPhase;
			buildActionMask = 2147483647;
			files = (
				7F46365D241FB19000F50EE2 /* SearchQuotesFromApiVC.swift in Sources */,
				7F463657241E3A3400F50EE2 /* SelectPostImageVC.swift in Sources */,
				7F46364A241CE41200F50EE2 /* HomePostTableCell.swift in Sources */,
				7F463644241CC11500F50EE2 /* EditVC.swift in Sources */,
				7F463632241CB81600F50EE2 /* HomeVC.swift in Sources */,
				7F463642241CC10000F50EE2 /* BellVC.swift in Sources */,
				7F46362E241CB81600F50EE2 /* AppDelegate.swift in Sources */,
				7F46364E241D0B9000F50EE2 /* LoginVC.swift in Sources */,
				7F472B36242391860063BA75 /* SearchQuotesCell.swift in Sources */,
				7F463661241FB72300F50EE2 /* QSTextField.swift in Sources */,
				7F472B3C2425D7B70063BA75 /* CommunicationVC.swift in Sources */,
				7F46364C241CFF6800F50EE2 /* PostButton.swift in Sources */,
				7F463650241D180700F50EE2 /* QSButton.swift in Sources */,
				7F46365F241FB40400F50EE2 /* QSLabel.swift in Sources */,
				7F463630241CB81600F50EE2 /* SceneDelegate.swift in Sources */,
				7F463646241CCAB000F50EE2 /* Constants.swift in Sources */,
				7F472B3A2423B53D0063BA75 /* BellTableCell.swift in Sources */,
				7F472B3824239F3A0063BA75 /* PostQuotesVC.swift in Sources */,
				7F463655241E359300F50EE2 /* QSToolBar.swift in Sources */,
			);
			runOnlyForDeploymentPostprocessing = 0;
		};
/* End PBXSourcesBuildPhase section */

/* Begin PBXVariantGroup section */
		7F463638241CB81800F50EE2 /* LaunchScreen.storyboard */ = {
			isa = PBXVariantGroup;
			children = (
				7F463639241CB81800F50EE2 /* Base */,
			);
			name = LaunchScreen.storyboard;
			sourceTree = "<group>";
		};
/* End PBXVariantGroup section */

/* Begin XCBuildConfiguration section */
		7F46363C241CB81800F50EE2 /* Debug */ = {
			isa = XCBuildConfiguration;
			buildSettings = {
				ALWAYS_SEARCH_USER_PATHS = NO;
				CLANG_ANALYZER_NONNULL = YES;
				CLANG_ANALYZER_NUMBER_OBJECT_CONVERSION = YES_AGGRESSIVE;
				CLANG_CXX_LANGUAGE_STANDARD = "gnu++14";
				CLANG_CXX_LIBRARY = "libc++";
				CLANG_ENABLE_MODULES = YES;
				CLANG_ENABLE_OBJC_ARC = YES;
				CLANG_ENABLE_OBJC_WEAK = YES;
				CLANG_WARN_BLOCK_CAPTURE_AUTORELEASING = YES;
				CLANG_WARN_BOOL_CONVERSION = YES;
				CLANG_WARN_COMMA = YES;
				CLANG_WARN_CONSTANT_CONVERSION = YES;
				CLANG_WARN_DEPRECATED_OBJC_IMPLEMENTATIONS = YES;
				CLANG_WARN_DIRECT_OBJC_ISA_USAGE = YES_ERROR;
				CLANG_WARN_DOCUMENTATION_COMMENTS = YES;
				CLANG_WARN_EMPTY_BODY = YES;
				CLANG_WARN_ENUM_CONVERSION = YES;
				CLANG_WARN_INFINITE_RECURSION = YES;
				CLANG_WARN_INT_CONVERSION = YES;
				CLANG_WARN_NON_LITERAL_NULL_CONVERSION = YES;
				CLANG_WARN_OBJC_IMPLICIT_RETAIN_SELF = YES;
				CLANG_WARN_OBJC_LITERAL_CONVERSION = YES;
				CLANG_WARN_OBJC_ROOT_CLASS = YES_ERROR;
				CLANG_WARN_RANGE_LOOP_ANALYSIS = YES;
				CLANG_WARN_STRICT_PROTOTYPES = YES;
				CLANG_WARN_SUSPICIOUS_MOVE = YES;
				CLANG_WARN_UNGUARDED_AVAILABILITY = YES_AGGRESSIVE;
				CLANG_WARN_UNREACHABLE_CODE = YES;
				CLANG_WARN__DUPLICATE_METHOD_MATCH = YES;
				COPY_PHASE_STRIP = NO;
				DEBUG_INFORMATION_FORMAT = dwarf;
				ENABLE_STRICT_OBJC_MSGSEND = YES;
				ENABLE_TESTABILITY = YES;
				GCC_C_LANGUAGE_STANDARD = gnu11;
				GCC_DYNAMIC_NO_PIC = NO;
				GCC_NO_COMMON_BLOCKS = YES;
				GCC_OPTIMIZATION_LEVEL = 0;
				GCC_PREPROCESSOR_DEFINITIONS = (
					"DEBUG=1",
					"$(inherited)",
				);
				GCC_WARN_64_TO_32_BIT_CONVERSION = YES;
				GCC_WARN_ABOUT_RETURN_TYPE = YES_ERROR;
				GCC_WARN_UNDECLARED_SELECTOR = YES;
				GCC_WARN_UNINITIALIZED_AUTOS = YES_AGGRESSIVE;
				GCC_WARN_UNUSED_FUNCTION = YES;
				GCC_WARN_UNUSED_VARIABLE = YES;
				IPHONEOS_DEPLOYMENT_TARGET = 13.2;
				MTL_ENABLE_DEBUG_INFO = INCLUDE_SOURCE;
				MTL_FAST_MATH = YES;
				ONLY_ACTIVE_ARCH = YES;
				SDKROOT = iphoneos;
				SWIFT_ACTIVE_COMPILATION_CONDITIONS = DEBUG;
				SWIFT_OPTIMIZATION_LEVEL = "-Onone";
			};
			name = Debug;
		};
		7F46363D241CB81800F50EE2 /* Release */ = {
			isa = XCBuildConfiguration;
			buildSettings = {
				ALWAYS_SEARCH_USER_PATHS = NO;
				CLANG_ANALYZER_NONNULL = YES;
				CLANG_ANALYZER_NUMBER_OBJECT_CONVERSION = YES_AGGRESSIVE;
				CLANG_CXX_LANGUAGE_STANDARD = "gnu++14";
				CLANG_CXX_LIBRARY = "libc++";
				CLANG_ENABLE_MODULES = YES;
				CLANG_ENABLE_OBJC_ARC = YES;
				CLANG_ENABLE_OBJC_WEAK = YES;
				CLANG_WARN_BLOCK_CAPTURE_AUTORELEASING = YES;
				CLANG_WARN_BOOL_CONVERSION = YES;
				CLANG_WARN_COMMA = YES;
				CLANG_WARN_CONSTANT_CONVERSION = YES;
				CLANG_WARN_DEPRECATED_OBJC_IMPLEMENTATIONS = YES;
				CLANG_WARN_DIRECT_OBJC_ISA_USAGE = YES_ERROR;
				CLANG_WARN_DOCUMENTATION_COMMENTS = YES;
				CLANG_WARN_EMPTY_BODY = YES;
				CLANG_WARN_ENUM_CONVERSION = YES;
				CLANG_WARN_INFINITE_RECURSION = YES;
				CLANG_WARN_INT_CONVERSION = YES;
				CLANG_WARN_NON_LITERAL_NULL_CONVERSION = YES;
				CLANG_WARN_OBJC_IMPLICIT_RETAIN_SELF = YES;
				CLANG_WARN_OBJC_LITERAL_CONVERSION = YES;
				CLANG_WARN_OBJC_ROOT_CLASS = YES_ERROR;
				CLANG_WARN_RANGE_LOOP_ANALYSIS = YES;
				CLANG_WARN_STRICT_PROTOTYPES = YES;
				CLANG_WARN_SUSPICIOUS_MOVE = YES;
				CLANG_WARN_UNGUARDED_AVAILABILITY = YES_AGGRESSIVE;
				CLANG_WARN_UNREACHABLE_CODE = YES;
				CLANG_WARN__DUPLICATE_METHOD_MATCH = YES;
				COPY_PHASE_STRIP = NO;
				DEBUG_INFORMATION_FORMAT = "dwarf-with-dsym";
				ENABLE_NS_ASSERTIONS = NO;
				ENABLE_STRICT_OBJC_MSGSEND = YES;
				GCC_C_LANGUAGE_STANDARD = gnu11;
				GCC_NO_COMMON_BLOCKS = YES;
				GCC_WARN_64_TO_32_BIT_CONVERSION = YES;
				GCC_WARN_ABOUT_RETURN_TYPE = YES_ERROR;
				GCC_WARN_UNDECLARED_SELECTOR = YES;
				GCC_WARN_UNINITIALIZED_AUTOS = YES_AGGRESSIVE;
				GCC_WARN_UNUSED_FUNCTION = YES;
				GCC_WARN_UNUSED_VARIABLE = YES;
				IPHONEOS_DEPLOYMENT_TARGET = 13.2;
				MTL_ENABLE_DEBUG_INFO = NO;
				MTL_FAST_MATH = YES;
				SDKROOT = iphoneos;
				SWIFT_COMPILATION_MODE = wholemodule;
				SWIFT_OPTIMIZATION_LEVEL = "-O";
				VALIDATE_PRODUCT = YES;
			};
			name = Release;
		};
		7F46363F241CB81800F50EE2 /* Debug */ = {
			isa = XCBuildConfiguration;
			baseConfigurationReference = E0BA0FA24CEA1865B7218A38 /* Pods-QuotesScripturePost.debug.xcconfig */;
			buildSettings = {
				ASSETCATALOG_COMPILER_APPICON_NAME = AppIcon;
				CODE_SIGN_STYLE = Automatic;
				DEVELOPMENT_TEAM = K6FA22KGKX;
				INFOPLIST_FILE = QuotesScripturePost/Info.plist;
				LD_RUNPATH_SEARCH_PATHS = (
					"$(inherited)",
					"@executable_path/Frameworks",
				);
				PRODUCT_BUNDLE_IDENTIFIER = com.withios.QuotesScripturePost;
				PRODUCT_NAME = "$(TARGET_NAME)";
				SWIFT_VERSION = 5.0;
				TARGETED_DEVICE_FAMILY = "1,2";
			};
			name = Debug;
		};
		7F463640241CB81800F50EE2 /* Release */ = {
			isa = XCBuildConfiguration;
			baseConfigurationReference = 82AD43EAB3AF2C9FFDD1364C /* Pods-QuotesScripturePost.release.xcconfig */;
			buildSettings = {
				ASSETCATALOG_COMPILER_APPICON_NAME = AppIcon;
				CODE_SIGN_STYLE = Automatic;
				DEVELOPMENT_TEAM = K6FA22KGKX;
				INFOPLIST_FILE = QuotesScripturePost/Info.plist;
				LD_RUNPATH_SEARCH_PATHS = (
					"$(inherited)",
					"@executable_path/Frameworks",
				);
				PRODUCT_BUNDLE_IDENTIFIER = com.withios.QuotesScripturePost;
				PRODUCT_NAME = "$(TARGET_NAME)";
				SWIFT_VERSION = 5.0;
				TARGETED_DEVICE_FAMILY = "1,2";
			};
			name = Release;
		};
/* End XCBuildConfiguration section */

/* Begin XCConfigurationList section */
		7F463625241CB81600F50EE2 /* Build configuration list for PBXProject "QuotesScripturePost" */ = {
			isa = XCConfigurationList;
			buildConfigurations = (
				7F46363C241CB81800F50EE2 /* Debug */,
				7F46363D241CB81800F50EE2 /* Release */,
			);
			defaultConfigurationIsVisible = 0;
			defaultConfigurationName = Release;
		};
		7F46363E241CB81800F50EE2 /* Build configuration list for PBXNativeTarget "QuotesScripturePost" */ = {
			isa = XCConfigurationList;
			buildConfigurations = (
				7F46363F241CB81800F50EE2 /* Debug */,
				7F463640241CB81800F50EE2 /* Release */,
			);
			defaultConfigurationIsVisible = 0;
			defaultConfigurationName = Release;
		};
/* End XCConfigurationList section */
	};
	rootObject = 7F463622241CB81600F50EE2 /* Project object */;
}
